
Microsoft Visual Studio Solution File, Format Version 12.00
# Visual Studio Version 17
VisualStudioVersion = 17.11.35222.181
MinimumVisualStudioVersion = 10.0.40219.1
Project("{8BC9CEB8-8B4A-11D0-8D11-00A0C91BC942}") = "CSC-222-Selection-and-Repetition Project", "CSC-222-Selection-and-Repetition Project.vcxproj", "{D363815C-D7B3-4CF3-8E2C-11F3B86B0788}"
EndProject
Global
	GlobalSection(SolutionConfigurationPlatforms) = preSolution
		Debug|x64 = Debug|x64
		Debug|x86 = Debug|x86
		Release|x64 = Release|x64
		Release|x86 = Release|x86
	EndGlobalSection
	GlobalSection(ProjectConfigurationPlatforms) = postSolution
		{D363815C-D7B3-4CF3-8E2C-11F3B86B0788}.Debug|x64.ActiveCfg = Debug|x64
		{D363815C-D7B3-4CF3-8E2C-11F3B86B0788}.Debug|x64.Build.0 = Debug|x64
		{D363815C-D7B3-4CF3-8E2C-11F3B86B0788}.Debug|x86.ActiveCfg = Debug|Win32
		{D363815C-D7B3-4CF3-8E2C-11F3B86B0788}.Debug|x86.Build.0 = Debug|Win32
		{D363815C-D7B3-4CF3-8E2C-11F3B86B0788}.Release|x64.ActiveCfg = Release|x64
		{D363815C-D7B3-4CF3-8E2C-11F3B86B0788}.Release|x64.Build.0 = Release|x64
		{D363815C-D7B3-4CF3-8E2C-11F3B86B0788}.Release|x86.ActiveCfg = Release|Win32
		{D363815C-D7B3-4CF3-8E2C-11F3B86B0788}.Release|x86.Build.0 = Release|Win32
	EndGlobalSection
	GlobalSection(SolutionProperties) = preSolution
		HideSolutionNode = FALSE
	EndGlobalSection
	GlobalSection(ExtensibilityGlobals) = postSolution
		SolutionGuid = {AF232648-230B-494C-BCFA-DB958A9945DA}
	EndGlobalSection
EndGlobal
